<Solution>
    <Project Path="ChocolateyPackageBuilder/ChocolateyPackageBuilder.csproj"/>
    <Project Path="ChocolateyPackageBuilder.Gui/ChocolateyPackageBuilder.Gui.csproj"/>
    <Project Path="ChocolateyPackageBuilder.Cli/ChocolateyPackageBuilder.Cli.csproj"/>
    <Project Path="ChocolateyPackageBuilder.Core/ChocolateyPackageBuilder.Core.csproj"/>
</Solution>
